
Microsoft Visual Studio Solution File, Format Version 12.00
# Visual Studio Version 17
VisualStudioVersion = 17.7.34031.279
MinimumVisualStudioVersion = 10.0.40219.1
Project("{FAE04EC0-301F-11D3-BF4B-00C04F79EFBC}") = "PracticeProject13", "PracticeProject13.csproj", "{4FE0F24C-1A5A-4855-ADC2-0E0C63BF5715}"
EndProject
Global
	GlobalSection(SolutionConfigurationPlatforms) = preSolution
		Debug|Any CPU = Debug|Any CPU
		Release|Any CPU = Release|Any CPU
	EndGlobalSection
	GlobalSection(ProjectConfigurationPlatforms) = postSolution
		{4FE0F24C-1A5A-4855-ADC2-0E0C63BF5715}.Debug|Any CPU.ActiveCfg = Debug|Any CPU
		{4FE0F24C-1A5A-4855-ADC2-0E0C63BF5715}.Debug|Any CPU.Build.0 = Debug|Any CPU
		{4FE0F24C-1A5A-4855-ADC2-0E0C63BF5715}.Release|Any CPU.ActiveCfg = Release|Any CPU
		{4FE0F24C-1A5A-4855-ADC2-0E0C63BF5715}.Release|Any CPU.Build.0 = Release|Any CPU
	EndGlobalSection
	GlobalSection(SolutionProperties) = preSolution
		HideSolutionNode = FALSE
	EndGlobalSection
	GlobalSection(ExtensibilityGlobals) = postSolution
		SolutionGuid = {7B548B1A-5D9C-4DF2-A092-A18243BFC97F}
	EndGlobalSection
EndGlobal
